// !$*UTF8*$!
{
	archiveVersion = 1;
	classes = {
	};
	objectVersion = 56;
	objects = {

/* Begin PBXBuildFile section */
		CE0124302C3E264E0027AC1D /* BoardCardView.swift in Sources */ = {isa = PBXBuildFile; fileRef = CE01242F2C3E264E0027AC1D /* BoardCardView.swift */; };
		CE3ED4472C37A22E00F411B1 /* OtherExtensions.swift in Sources */ = {isa = PBXBuildFile; fileRef = CE3ED4462C37A22E00F411B1 /* OtherExtensions.swift */; };
		CE43FC462C5B0E0A0004CE99 /* IntersectionManager.swift in Sources */ = {isa = PBXBuildFile; fileRef = CE43FC452C5B0E0A0004CE99 /* IntersectionManager.swift */; };
		CE62E71B2C3CC52300129F2F /* EntranceView.swift in Sources */ = {isa = PBXBuildFile; fileRef = CE62E71A2C3CC52300129F2F /* EntranceView.swift */; };
		CE62E71D2C3CC79E00129F2F /* BoardView.swift in Sources */ = {isa = PBXBuildFile; fileRef = CE62E71C2C3CC79E00129F2F /* BoardView.swift */; };
		CE7AD58C2C36351D003EFDE5 /* MindApp.swift in Sources */ = {isa = PBXBuildFile; fileRef = CE7AD58B2C36351D003EFDE5 /* MindApp.swift */; };
		CE7AD58E2C36351D003EFDE5 /* ContentView.swift in Sources */ = {isa = PBXBuildFile; fileRef = CE7AD58D2C36351D003EFDE5 /* ContentView.swift */; };
		CE7AD5922C36351E003EFDE5 /* Assets.xcassets in Resources */ = {isa = PBXBuildFile; fileRef = CE7AD5912C36351E003EFDE5 /* Assets.xcassets */; };
		CE7AD5952C36351E003EFDE5 /* Preview Assets.xcassets in Resources */ = {isa = PBXBuildFile; fileRef = CE7AD5942C36351E003EFDE5 /* Preview Assets.xcassets */; };
		CE7AD59F2C36357E003EFDE5 /* FileHelper.swift in Sources */ = {isa = PBXBuildFile; fileRef = CE7AD59E2C36357E003EFDE5 /* FileHelper.swift */; };
		CE7AD5A52C3635C5003EFDE5 /* NodeView.swift in Sources */ = {isa = PBXBuildFile; fileRef = CE7AD5A42C3635C5003EFDE5 /* NodeView.swift */; };
		CE7AD5A72C3635D7003EFDE5 /* NodeData.swift in Sources */ = {isa = PBXBuildFile; fileRef = CE7AD5A62C3635D7003EFDE5 /* NodeData.swift */; };
		CE7AD5B12C36363F003EFDE5 /* ViewExtensions.swift in Sources */ = {isa = PBXBuildFile; fileRef = CE7AD5B02C36363F003EFDE5 /* ViewExtensions.swift */; };
		CE90DF0E2C49F1BE00AF07B8 /* LCConstants.swift in Sources */ = {isa = PBXBuildFile; fileRef = CE90DF0D2C49F1BE00AF07B8 /* LCConstants.swift */; };
		CEA338752C3CD93000266B55 /* BoardData.swift in Sources */ = {isa = PBXBuildFile; fileRef = CEA338742C3CD93000266B55 /* BoardData.swift */; };
/* End PBXBuildFile section */

/* Begin PBXFileReference section */
		CE01242F2C3E264E0027AC1D /* BoardCardView.swift */ = {isa = PBXFileReference; lastKnownFileType = sourcecode.swift; path = BoardCardView.swift; sourceTree = "<group>"; };
		CE3ED4462C37A22E00F411B1 /* OtherExtensions.swift */ = {isa = PBXFileReference; lastKnownFileType = sourcecode.swift; path = OtherExtensions.swift; sourceTree = "<group>"; };
		CE43FC452C5B0E0A0004CE99 /* IntersectionManager.swift */ = {isa = PBXFileReference; lastKnownFileType = sourcecode.swift; path = IntersectionManager.swift; sourceTree = "<group>"; };
		CE62E71A2C3CC52300129F2F /* EntranceView.swift */ = {isa = PBXFileReference; lastKnownFileType = sourcecode.swift; path = EntranceView.swift; sourceTree = "<group>"; };
		CE62E71C2C3CC79E00129F2F /* BoardView.swift */ = {isa = PBXFileReference; lastKnownFileType = sourcecode.swift; path = BoardView.swift; sourceTree = "<group>"; };
		CE62E71E2C3CD1AF00129F2F /* Info.plist */ = {isa = PBXFileReference; lastKnownFileType = text.plist.xml; path = Info.plist; sourceTree = "<group>"; };
		CE6FC78A2C4A1542003DB3C7 /* CactusDebug.entitlements */ = {isa = PBXFileReference; lastKnownFileType = text.plist.entitlements; path = CactusDebug.entitlements; sourceTree = "<group>"; };
		CE7AD5882C36351D003EFDE5 /* Cactus.app */ = {isa = PBXFileReference; explicitFileType = wrapper.application; includeInIndex = 0; path = Cactus.app; sourceTree = BUILT_PRODUCTS_DIR; };
		CE7AD58B2C36351D003EFDE5 /* MindApp.swift */ = {isa = PBXFileReference; lastKnownFileType = sourcecode.swift; path = MindApp.swift; sourceTree = "<group>"; };
		CE7AD58D2C36351D003EFDE5 /* ContentView.swift */ = {isa = PBXFileReference; lastKnownFileType = sourcecode.swift; path = ContentView.swift; sourceTree = "<group>"; };
		CE7AD5912C36351E003EFDE5 /* Assets.xcassets */ = {isa = PBXFileReference; lastKnownFileType = folder.assetcatalog; path = Assets.xcassets; sourceTree = "<group>"; };
		CE7AD5942C36351E003EFDE5 /* Preview Assets.xcassets */ = {isa = PBXFileReference; lastKnownFileType = folder.assetcatalog; path = "Preview Assets.xcassets"; sourceTree = "<group>"; };
		CE7AD5962C36351E003EFDE5 /* Mind.entitlements */ = {isa = PBXFileReference; lastKnownFileType = text.plist.entitlements; path = Mind.entitlements; sourceTree = "<group>"; };
		CE7AD59E2C36357E003EFDE5 /* FileHelper.swift */ = {isa = PBXFileReference; lastKnownFileType = sourcecode.swift; path = FileHelper.swift; sourceTree = "<group>"; };
		CE7AD5A42C3635C5003EFDE5 /* NodeView.swift */ = {isa = PBXFileReference; lastKnownFileType = sourcecode.swift; path = NodeView.swift; sourceTree = "<group>"; };
		CE7AD5A62C3635D7003EFDE5 /* NodeData.swift */ = {isa = PBXFileReference; lastKnownFileType = sourcecode.swift; path = NodeData.swift; sourceTree = "<group>"; };
		CE7AD5B02C36363F003EFDE5 /* ViewExtensions.swift */ = {isa = PBXFileReference; lastKnownFileType = sourcecode.swift; path = ViewExtensions.swift; sourceTree = "<group>"; };
		CE90DF0D2C49F1BE00AF07B8 /* LCConstants.swift */ = {isa = PBXFileReference; lastKnownFileType = sourcecode.swift; path = LCConstants.swift; sourceTree = "<group>"; };
		CEA338742C3CD93000266B55 /* BoardData.swift */ = {isa = PBXFileReference; lastKnownFileType = sourcecode.swift; path = BoardData.swift; sourceTree = "<group>"; };
/* End PBXFileReference section */

/* Begin PBXFrameworksBuildPhase section */
		CE7AD5852C36351D003EFDE5 /* Frameworks */ = {
			isa = PBXFrameworksBuildPhase;
			buildActionMask = 2147483647;
			files = (
			);
			runOnlyForDeploymentPostprocessing = 0;
		};
/* End PBXFrameworksBuildPhase section */

/* Begin PBXGroup section */
		CE01CE0E2C4A50010096F178 /* Services */ = {
			isa = PBXGroup;
			children = (
			);
			path = Services;
			sourceTree = "<group>";
		};
		CE5BBFED2C37A8960030217A /* Helpers */ = {
			isa = PBXGroup;
			children = (
				CE7AD59E2C36357E003EFDE5 /* FileHelper.swift */,
				CE90DF0D2C49F1BE00AF07B8 /* LCConstants.swift */,
				CE5BBFEE2C37A89E0030217A /* Extensions */,
				CE43FC452C5B0E0A0004CE99 /* IntersectionManager.swift */,
			);
			path = Helpers;
			sourceTree = "<group>";
		};
		CE5BBFEE2C37A89E0030217A /* Extensions */ = {
			isa = PBXGroup;
			children = (
				CE7AD5B02C36363F003EFDE5 /* ViewExtensions.swift */,
				CE3ED4462C37A22E00F411B1 /* OtherExtensions.swift */,
			);
			path = Extensions;
			sourceTree = "<group>";
		};
		CE7A688A2C421533007957F6 /* Data */ = {
			isa = PBXGroup;
			children = (
				CEA338742C3CD93000266B55 /* BoardData.swift */,
				CE7AD5A62C3635D7003EFDE5 /* NodeData.swift */,
			);
			path = Data;
			sourceTree = "<group>";
		};
		CE7AD57F2C36351D003EFDE5 = {
			isa = PBXGroup;
			children = (
				CE6FC78A2C4A1542003DB3C7 /* CactusDebug.entitlements */,
				CE7AD58A2C36351D003EFDE5 /* Mind */,
				CE7AD5892C36351D003EFDE5 /* Products */,
			);
			sourceTree = "<group>";
		};
		CE7AD5892C36351D003EFDE5 /* Products */ = {
			isa = PBXGroup;
			children = (
				CE7AD5882C36351D003EFDE5 /* Cactus.app */,
			);
			name = Products;
			sourceTree = "<group>";
		};
		CE7AD58A2C36351D003EFDE5 /* Mind */ = {
			isa = PBXGroup;
			children = (
				CE7AD58B2C36351D003EFDE5 /* MindApp.swift */,
				CE9D897B2C47288C0089F1C8 /* Views */,
				CE7A688A2C421533007957F6 /* Data */,
				CE5BBFED2C37A8960030217A /* Helpers */,
				CE01CE0E2C4A50010096F178 /* Services */,
				CE7AD5932C36351E003EFDE5 /* Preview Content */,
				CE7AD5962C36351E003EFDE5 /* Mind.entitlements */,
				CE62E71E2C3CD1AF00129F2F /* Info.plist */,
				CE7AD5912C36351E003EFDE5 /* Assets.xcassets */,
			);
			path = Mind;
			sourceTree = "<group>";
		};
		CE7AD5932C36351E003EFDE5 /* Preview Content */ = {
			isa = PBXGroup;
			children = (
				CE7AD5942C36351E003EFDE5 /* Preview Assets.xcassets */,
			);
			path = "Preview Content";
			sourceTree = "<group>";
		};
		CE9D897B2C47288C0089F1C8 /* Views */ = {
			isa = PBXGroup;
			children = (
				CE7AD58D2C36351D003EFDE5 /* ContentView.swift */,
				CE62E71A2C3CC52300129F2F /* EntranceView.swift */,
				CE01242F2C3E264E0027AC1D /* BoardCardView.swift */,
				CE62E71C2C3CC79E00129F2F /* BoardView.swift */,
				CE7AD5A42C3635C5003EFDE5 /* NodeView.swift */,
			);
			path = Views;
			sourceTree = "<group>";
		};
/* End PBXGroup section */

/* Begin PBXNativeTarget section */
		CE7AD5872C36351D003EFDE5 /* Cactus */ = {
			isa = PBXNativeTarget;
			buildConfigurationList = CE7AD5992C36351E003EFDE5 /* Build configuration list for PBXNativeTarget "Cactus" */;
			buildPhases = (
				CE7AD5842C36351D003EFDE5 /* Sources */,
				CE7AD5852C36351D003EFDE5 /* Frameworks */,
				CE7AD5862C36351D003EFDE5 /* Resources */,
			);
			buildRules = (
			);
			dependencies = (
			);
			name = Cactus;
			productName = Mind;
			productReference = CE7AD5882C36351D003EFDE5 /* Cactus.app */;
			productType = "com.apple.product-type.application";
		};
/* End PBXNativeTarget section */

/* Begin PBXProject section */
		CE7AD5802C36351D003EFDE5 /* Project object */ = {
			isa = PBXProject;
			attributes = {
				BuildIndependentTargetsInParallel = 1;
				LastSwiftUpdateCheck = 1540;
				LastUpgradeCheck = 1540;
				TargetAttributes = {
					CE7AD5872C36351D003EFDE5 = {
						CreatedOnToolsVersion = 15.4;
					};
				};
			};
			buildConfigurationList = CE7AD5832C36351D003EFDE5 /* Build configuration list for PBXProject "Mind" */;
			compatibilityVersion = "Xcode 14.0";
			developmentRegion = en;
			hasScannedForEncodings = 0;
			knownRegions = (
				en,
				Base,
			);
			mainGroup = CE7AD57F2C36351D003EFDE5;
			productRefGroup = CE7AD5892C36351D003EFDE5 /* Products */;
			projectDirPath = "";
			projectRoot = "";
			targets = (
				CE7AD5872C36351D003EFDE5 /* Cactus */,
			);
		};
/* End PBXProject section */

/* Begin PBXResourcesBuildPhase section */
		CE7AD5862C36351D003EFDE5 /* Resources */ = {
			isa = PBXResourcesBuildPhase;
			buildActionMask = 2147483647;
			files = (
				CE7AD5952C36351E003EFDE5 /* Preview Assets.xcassets in Resources */,
				CE7AD5922C36351E003EFDE5 /* Assets.xcassets in Resources */,
			);
			runOnlyForDeploymentPostprocessing = 0;
		};
/* End PBXResourcesBuildPhase section */

/* Begin PBXSourcesBuildPhase section */
		CE7AD5842C36351D003EFDE5 /* Sources */ = {
			isa = PBXSourcesBuildPhase;
			buildActionMask = 2147483647;
			files = (
				CE3ED4472C37A22E00F411B1 /* OtherExtensions.swift in Sources */,
				CE62E71D2C3CC79E00129F2F /* BoardView.swift in Sources */,
				CE7AD58E2C36351D003EFDE5 /* ContentView.swift in Sources */,
				CE0124302C3E264E0027AC1D /* BoardCardView.swift in Sources */,
				CE7AD58C2C36351D003EFDE5 /* MindApp.swift in Sources */,
				CE7AD5B12C36363F003EFDE5 /* ViewExtensions.swift in Sources */,
				CEA338752C3CD93000266B55 /* BoardData.swift in Sources */,
				CE90DF0E2C49F1BE00AF07B8 /* LCConstants.swift in Sources */,
				CE7AD59F2C36357E003EFDE5 /* FileHelper.swift in Sources */,
				CE43FC462C5B0E0A0004CE99 /* IntersectionManager.swift in Sources */,
				CE7AD5A52C3635C5003EFDE5 /* NodeView.swift in Sources */,
				CE62E71B2C3CC52300129F2F /* EntranceView.swift in Sources */,
				CE7AD5A72C3635D7003EFDE5 /* NodeData.swift in Sources */,
			);
			runOnlyForDeploymentPostprocessing = 0;
		};
/* End PBXSourcesBuildPhase section */

/* Begin XCBuildConfiguration section */
		CE7AD5972C36351E003EFDE5 /* Debug */ = {
			isa = XCBuildConfiguration;
			buildSettings = {
				ALWAYS_SEARCH_USER_PATHS = NO;
				ASSETCATALOG_COMPILER_GENERATE_SWIFT_ASSET_SYMBOL_EXTENSIONS = YES;
				CLANG_ANALYZER_NONNULL = YES;
				CLANG_ANALYZER_NUMBER_OBJECT_CONVERSION = YES_AGGRESSIVE;
				CLANG_CXX_LANGUAGE_STANDARD = "gnu++20";
				CLANG_ENABLE_MODULES = YES;
				CLANG_ENABLE_OBJC_ARC = YES;
				CLANG_ENABLE_OBJC_WEAK = YES;
				CLANG_WARN_BLOCK_CAPTURE_AUTORELEASING = YES;
				CLANG_WARN_BOOL_CONVERSION = YES;
				CLANG_WARN_COMMA = YES;
				CLANG_WARN_CONSTANT_CONVERSION = YES;
				CLANG_WARN_DEPRECATED_OBJC_IMPLEMENTATIONS = YES;
				CLANG_WARN_DIRECT_OBJC_ISA_USAGE = YES_ERROR;
				CLANG_WARN_DOCUMENTATION_COMMENTS = YES;
				CLANG_WARN_EMPTY_BODY = YES;
				CLANG_WARN_ENUM_CONVERSION = YES;
				CLANG_WARN_INFINITE_RECURSION = YES;
				CLANG_WARN_INT_CONVERSION = YES;
				CLANG_WARN_NON_LITERAL_NULL_CONVERSION = YES;
				CLANG_WARN_OBJC_IMPLICIT_RETAIN_SELF = YES;
				CLANG_WARN_OBJC_LITERAL_CONVERSION = YES;
				CLANG_WARN_OBJC_ROOT_CLASS = YES_ERROR;
				CLANG_WARN_QUOTED_INCLUDE_IN_FRAMEWORK_HEADER = YES;
				CLANG_WARN_RANGE_LOOP_ANALYSIS = YES;
				CLANG_WARN_STRICT_PROTOTYPES = YES;
				CLANG_WARN_SUSPICIOUS_MOVE = YES;
				CLANG_WARN_UNGUARDED_AVAILABILITY = YES_AGGRESSIVE;
				CLANG_WARN_UNREACHABLE_CODE = YES;
				CLANG_WARN__DUPLICATE_METHOD_MATCH = YES;
				COPY_PHASE_STRIP = NO;
				DEBUG_INFORMATION_FORMAT = dwarf;
				ENABLE_STRICT_OBJC_MSGSEND = YES;
				ENABLE_TESTABILITY = YES;
				ENABLE_USER_SCRIPT_SANDBOXING = YES;
				GCC_C_LANGUAGE_STANDARD = gnu17;
				GCC_DYNAMIC_NO_PIC = NO;
				GCC_NO_COMMON_BLOCKS = YES;
				GCC_OPTIMIZATION_LEVEL = 0;
				GCC_PREPROCESSOR_DEFINITIONS = (
					"DEBUG=1",
					"$(inherited)",
				);
				GCC_WARN_64_TO_32_BIT_CONVERSION = YES;
				GCC_WARN_ABOUT_RETURN_TYPE = YES_ERROR;
				GCC_WARN_UNDECLARED_SELECTOR = YES;
				GCC_WARN_UNINITIALIZED_AUTOS = YES_AGGRESSIVE;
				GCC_WARN_UNUSED_FUNCTION = YES;
				GCC_WARN_UNUSED_VARIABLE = YES;
				LOCALIZATION_PREFERS_STRING_CATALOGS = YES;
				MACOSX_DEPLOYMENT_TARGET = 14.5;
				MTL_ENABLE_DEBUG_INFO = INCLUDE_SOURCE;
				MTL_FAST_MATH = YES;
				ONLY_ACTIVE_ARCH = YES;
				SDKROOT = macosx;
				SWIFT_ACTIVE_COMPILATION_CONDITIONS = "DEBUG $(inherited)";
				SWIFT_OPTIMIZATION_LEVEL = "-Onone";
			};
			name = Debug;
		};
		CE7AD5982C36351E003EFDE5 /* Release */ = {
			isa = XCBuildConfiguration;
			buildSettings = {
				ALWAYS_SEARCH_USER_PATHS = NO;
				ASSETCATALOG_COMPILER_GENERATE_SWIFT_ASSET_SYMBOL_EXTENSIONS = YES;
				CLANG_ANALYZER_NONNULL = YES;
				CLANG_ANALYZER_NUMBER_OBJECT_CONVERSION = YES_AGGRESSIVE;
				CLANG_CXX_LANGUAGE_STANDARD = "gnu++20";
				CLANG_ENABLE_MODULES = YES;
				CLANG_ENABLE_OBJC_ARC = YES;
				CLANG_ENABLE_OBJC_WEAK = YES;
				CLANG_WARN_BLOCK_CAPTURE_AUTORELEASING = YES;
				CLANG_WARN_BOOL_CONVERSION = YES;
				CLANG_WARN_COMMA = YES;
				CLANG_WARN_CONSTANT_CONVERSION = YES;
				CLANG_WARN_DEPRECATED_OBJC_IMPLEMENTATIONS = YES;
				CLANG_WARN_DIRECT_OBJC_ISA_USAGE = YES_ERROR;
				CLANG_WARN_DOCUMENTATION_COMMENTS = YES;
				CLANG_WARN_EMPTY_BODY = YES;
				CLANG_WARN_ENUM_CONVERSION = YES;
				CLANG_WARN_INFINITE_RECURSION = YES;
				CLANG_WARN_INT_CONVERSION = YES;
				CLANG_WARN_NON_LITERAL_NULL_CONVERSION = YES;
				CLANG_WARN_OBJC_IMPLICIT_RETAIN_SELF = YES;
				CLANG_WARN_OBJC_LITERAL_CONVERSION = YES;
				CLANG_WARN_OBJC_ROOT_CLASS = YES_ERROR;
				CLANG_WARN_QUOTED_INCLUDE_IN_FRAMEWORK_HEADER = YES;
				CLANG_WARN_RANGE_LOOP_ANALYSIS = YES;
				CLANG_WARN_STRICT_PROTOTYPES = YES;
				CLANG_WARN_SUSPICIOUS_MOVE = YES;
				CLANG_WARN_UNGUARDED_AVAILABILITY = YES_AGGRESSIVE;
				CLANG_WARN_UNREACHABLE_CODE = YES;
				CLANG_WARN__DUPLICATE_METHOD_MATCH = YES;
				COPY_PHASE_STRIP = NO;
				DEBUG_INFORMATION_FORMAT = "dwarf-with-dsym";
				ENABLE_NS_ASSERTIONS = NO;
				ENABLE_STRICT_OBJC_MSGSEND = YES;
				ENABLE_USER_SCRIPT_SANDBOXING = YES;
				GCC_C_LANGUAGE_STANDARD = gnu17;
				GCC_NO_COMMON_BLOCKS = YES;
				GCC_WARN_64_TO_32_BIT_CONVERSION = YES;
				GCC_WARN_ABOUT_RETURN_TYPE = YES_ERROR;
				GCC_WARN_UNDECLARED_SELECTOR = YES;
				GCC_WARN_UNINITIALIZED_AUTOS = YES_AGGRESSIVE;
				GCC_WARN_UNUSED_FUNCTION = YES;
				GCC_WARN_UNUSED_VARIABLE = YES;
				LOCALIZATION_PREFERS_STRING_CATALOGS = YES;
				MACOSX_DEPLOYMENT_TARGET = 14.5;
				MTL_ENABLE_DEBUG_INFO = NO;
				MTL_FAST_MATH = YES;
				SDKROOT = macosx;
				SWIFT_COMPILATION_MODE = wholemodule;
			};
			name = Release;
		};
		CE7AD59A2C36351E003EFDE5 /* Debug */ = {
			isa = XCBuildConfiguration;
			buildSettings = {
				ASSETCATALOG_COMPILER_APPICON_NAME = AppIcon;
				ASSETCATALOG_COMPILER_GLOBAL_ACCENT_COLOR_NAME = AccentColor;
				ASSETCATALOG_COMPILER_INCLUDE_ALL_APPICON_ASSETS = NO;
				CODE_SIGN_ENTITLEMENTS = CactusDebug.entitlements;
				CODE_SIGN_STYLE = Automatic;
				COMBINE_HIDPI_IMAGES = YES;
				CURRENT_PROJECT_VERSION = 7;
				DEVELOPMENT_ASSET_PATHS = "\"Mind/Preview Content\"";
				DEVELOPMENT_TEAM = FJQ9Z8U47W;
				ENABLE_HARDENED_RUNTIME = YES;
				ENABLE_PREVIEWS = YES;
				GENERATE_INFOPLIST_FILE = YES;
				INFOPLIST_FILE = Mind/Info.plist;
				INFOPLIST_KEY_CFBundleDisplayName = "Cactus - Simplest Mind Map";
				INFOPLIST_KEY_LSApplicationCategoryType = "public.app-category.productivity";
				INFOPLIST_KEY_NSHumanReadableCopyright = "";
				LD_RUNPATH_SEARCH_PATHS = (
					"$(inherited)",
					"@executable_path/../Frameworks",
				);
				MACOSX_DEPLOYMENT_TARGET = 14.0;
				MARKETING_VERSION = 0.99;
				PRODUCT_BUNDLE_IDENTIFIER = LightClub.Cactus;
				PRODUCT_NAME = "$(TARGET_NAME)";
				SWIFT_EMIT_LOC_STRINGS = YES;
				SWIFT_VERSION = 5.0;
			};
			name = Debug;
		};
		CE7AD59B2C36351E003EFDE5 /* Release */ = {
			isa = XCBuildConfiguration;
			buildSettings = {
				ASSETCATALOG_COMPILER_APPICON_NAME = AppIcon;
				ASSETCATALOG_COMPILER_GLOBAL_ACCENT_COLOR_NAME = AccentColor;
				ASSETCATALOG_COMPILER_INCLUDE_ALL_APPICON_ASSETS = NO;
				CODE_SIGN_ENTITLEMENTS = Mind/Mind.entitlements;
				CODE_SIGN_STYLE = Automatic;
				COMBINE_HIDPI_IMAGES = YES;
				CURRENT_PROJECT_VERSION = 7;
				DEVELOPMENT_ASSET_PATHS = "\"Mind/Preview Content\"";
				DEVELOPMENT_TEAM = FJQ9Z8U47W;
				ENABLE_HARDENED_RUNTIME = YES;
				ENABLE_PREVIEWS = YES;
				GENERATE_INFOPLIST_FILE = YES;
				INFOPLIST_FILE = Mind/Info.plist;
				INFOPLIST_KEY_CFBundleDisplayName = "Cactus - Simplest Mind Map";
				INFOPLIST_KEY_LSApplicationCategoryType = "public.app-category.productivity";
				INFOPLIST_KEY_NSHumanReadableCopyright = "";
				LD_RUNPATH_SEARCH_PATHS = (
					"$(inherited)",
					"@executable_path/../Frameworks",
				);
				MACOSX_DEPLOYMENT_TARGET = 14.0;
				MARKETING_VERSION = 0.99;
				PRODUCT_BUNDLE_IDENTIFIER = LightClub.Cactus;
				PRODUCT_NAME = "$(TARGET_NAME)";
				SWIFT_EMIT_LOC_STRINGS = YES;
				SWIFT_VERSION = 5.0;
			};
			name = Release;
		};
/* End XCBuildConfiguration section */

/* Begin XCConfigurationList section */
		CE7AD5832C36351D003EFDE5 /* Build configuration list for PBXProject "Mind" */ = {
			isa = XCConfigurationList;
			buildConfigurations = (
				CE7AD5972C36351E003EFDE5 /* Debug */,
				CE7AD5982C36351E003EFDE5 /* Release */,
			);
			defaultConfigurationIsVisible = 0;
			defaultConfigurationName = Release;
		};
		CE7AD5992C36351E003EFDE5 /* Build configuration list for PBXNativeTarget "Cactus" */ = {
			isa = XCConfigurationList;
			buildConfigurations = (
				CE7AD59A2C36351E003EFDE5 /* Debug */,
				CE7AD59B2C36351E003EFDE5 /* Release */,
			);
			defaultConfigurationIsVisible = 0;
			defaultConfigurationName = Release;
		};
/* End XCConfigurationList section */
	};
	rootObject = CE7AD5802C36351D003EFDE5 /* Project object */;
}
